
Microsoft Visual Studio Solution File, Format Version 12.00
# Visual Studio Version 17
VisualStudioVersion = 17.10.34916.146
MinimumVisualStudioVersion = 10.0.40219.1
Project("{FAE04EC0-301F-11D3-BF4B-00C04F79EFBC}") = "YourLogo", "YourLogo.csproj", "{089C5EDF-69BE-4781-8DDA-AE831BB98FDC}"
EndProject
Project("{FAE04EC0-301F-11D3-BF4B-00C04F79EFBC}") = "YourLogo.Core", "..\YourLogo.Core\YourLogo.Core.csproj", "{E86D8AFF-7756-4C35-8ECC-7BC4EBDDE57E}"
EndProject
Project("{FAE04EC0-301F-11D3-BF4B-00C04F79EFBC}") = "YourLogo.Data", "..\YourLogo.Data\YourLogo.Data.csproj", "{D0F8C458-F50F-4D1F-8B72-2ACC6862A950}"
EndProject
Project("{FAE04EC0-301F-11D3-BF4B-00C04F79EFBC}") = "YourLogo.Business", "..\YourLogo.Business\YourLogo.Business.csproj", "{89569698-168B-42FF-8ADA-E07065D3256D}"
EndProject
Global
	GlobalSection(SolutionConfigurationPlatforms) = preSolution
		Debug|Any CPU = Debug|Any CPU
		Release|Any CPU = Release|Any CPU
	EndGlobalSection
	GlobalSection(ProjectConfigurationPlatforms) = postSolution
		{089C5EDF-69BE-4781-8DDA-AE831BB98FDC}.Debug|Any CPU.ActiveCfg = Debug|Any CPU
		{089C5EDF-69BE-4781-8DDA-AE831BB98FDC}.Debug|Any CPU.Build.0 = Debug|Any CPU
		{089C5EDF-69BE-4781-8DDA-AE831BB98FDC}.Release|Any CPU.ActiveCfg = Release|Any CPU
		{089C5EDF-69BE-4781-8DDA-AE831BB98FDC}.Release|Any CPU.Build.0 = Release|Any CPU
		{E86D8AFF-7756-4C35-8ECC-7BC4EBDDE57E}.Debug|Any CPU.ActiveCfg = Debug|Any CPU
		{E86D8AFF-7756-4C35-8ECC-7BC4EBDDE57E}.Debug|Any CPU.Build.0 = Debug|Any CPU
		{E86D8AFF-7756-4C35-8ECC-7BC4EBDDE57E}.Release|Any CPU.ActiveCfg = Release|Any CPU
		{E86D8AFF-7756-4C35-8ECC-7BC4EBDDE57E}.Release|Any CPU.Build.0 = Release|Any CPU
		{D0F8C458-F50F-4D1F-8B72-2ACC6862A950}.Debug|Any CPU.ActiveCfg = Debug|Any CPU
		{D0F8C458-F50F-4D1F-8B72-2ACC6862A950}.Debug|Any CPU.Build.0 = Debug|Any CPU
		{D0F8C458-F50F-4D1F-8B72-2ACC6862A950}.Release|Any CPU.ActiveCfg = Release|Any CPU
		{D0F8C458-F50F-4D1F-8B72-2ACC6862A950}.Release|Any CPU.Build.0 = Release|Any CPU
		{89569698-168B-42FF-8ADA-E07065D3256D}.Debug|Any CPU.ActiveCfg = Debug|Any CPU
		{89569698-168B-42FF-8ADA-E07065D3256D}.Debug|Any CPU.Build.0 = Debug|Any CPU
		{89569698-168B-42FF-8ADA-E07065D3256D}.Release|Any CPU.ActiveCfg = Release|Any CPU
		{89569698-168B-42FF-8ADA-E07065D3256D}.Release|Any CPU.Build.0 = Release|Any CPU
	EndGlobalSection
	GlobalSection(SolutionProperties) = preSolution
		HideSolutionNode = FALSE
	EndGlobalSection
	GlobalSection(ExtensibilityGlobals) = postSolution
		SolutionGuid = {C3DD5B0A-0BD7-4BAA-9888-3474B4BB3260}
	EndGlobalSection
EndGlobal
